
Microsoft Visual Studio Solution File, Format Version 12.00
# Visual Studio 15
VisualStudioVersion = 15.0.27130.2036
MinimumVisualStudioVersion = 10.0.40219.1
Project("{FAE04EC0-301F-11D3-BF4B-00C04F79EFBC}") = "VKBot", "VKBot\VKBot.csproj", "{FBD66072-720F-41E1-938D-73C4703776F0}"
EndProject
Project("{FAE04EC0-301F-11D3-BF4B-00C04F79EFBC}") = "VKBot.UnitTests", "VKBot.UnitTests\VKBot.UnitTests.csproj", "{BA9C584B-1606-4605-812D-796BA3DFC4DF}"
EndProject
Global
	GlobalSection(SolutionConfigurationPlatforms) = preSolution
		Debug|Any CPU = Debug|Any CPU
		Release|Any CPU = Release|Any CPU
	EndGlobalSection
	GlobalSection(ProjectConfigurationPlatforms) = postSolution
		{FBD66072-720F-41E1-938D-73C4703776F0}.Debug|Any CPU.ActiveCfg = Debug|Any CPU
		{FBD66072-720F-41E1-938D-73C4703776F0}.Debug|Any CPU.Build.0 = Debug|Any CPU
		{FBD66072-720F-41E1-938D-73C4703776F0}.Release|Any CPU.ActiveCfg = Release|Any CPU
		{FBD66072-720F-41E1-938D-73C4703776F0}.Release|Any CPU.Build.0 = Release|Any CPU
		{BA9C584B-1606-4605-812D-796BA3DFC4DF}.Debug|Any CPU.ActiveCfg = Debug|Any CPU
		{BA9C584B-1606-4605-812D-796BA3DFC4DF}.Debug|Any CPU.Build.0 = Debug|Any CPU
		{BA9C584B-1606-4605-812D-796BA3DFC4DF}.Release|Any CPU.ActiveCfg = Release|Any CPU
		{BA9C584B-1606-4605-812D-796BA3DFC4DF}.Release|Any CPU.Build.0 = Release|Any CPU
	EndGlobalSection
	GlobalSection(SolutionProperties) = preSolution
		HideSolutionNode = FALSE
	EndGlobalSection
	GlobalSection(ExtensibilityGlobals) = postSolution
		SolutionGuid = {4F34E660-13E2-49BB-8796-A51099FD7CC8}
	EndGlobalSection
EndGlobal
